
Microsoft Visual Studio Solution File, Format Version 12.00
# Visual Studio 2015
Project("{FAE04EC0-301F-11D3-BF4B-00C04F79EFBC}") = "Rusters", "Rusters.csproj", "{691A05F4-ABD4-586D-3556-6D96B5138D0F}"
EndProject
Project("{FAE04EC0-301F-11D3-BF4B-00C04F79EFBC}") = "Rusters.Editor", "Rusters.Editor.csproj", "{DB0A0A95-BBCE-0E67-08A9-B0CAE149B3D6}"
EndProject
Global
	GlobalSection(SolutionConfigurationPlatforms) = preSolution
		Debug|Any CPU = Debug|Any CPU
		Release|Any CPU = Release|Any CPU
	EndGlobalSection
	GlobalSection(ProjectConfigurationPlatforms) = postSolution
		{691A05F4-ABD4-586D-3556-6D96B5138D0F}.Debug|Any CPU.ActiveCfg = Debug|Any CPU
		{691A05F4-ABD4-586D-3556-6D96B5138D0F}.Debug|Any CPU.Build.0 = Debug|Any CPU
		{691A05F4-ABD4-586D-3556-6D96B5138D0F}.Release|Any CPU.ActiveCfg = Release|Any CPU
		{691A05F4-ABD4-586D-3556-6D96B5138D0F}.Release|Any CPU.Build.0 = Release|Any CPU
		{DB0A0A95-BBCE-0E67-08A9-B0CAE149B3D6}.Debug|Any CPU.ActiveCfg = Debug|Any CPU
		{DB0A0A95-BBCE-0E67-08A9-B0CAE149B3D6}.Debug|Any CPU.Build.0 = Debug|Any CPU
		{DB0A0A95-BBCE-0E67-08A9-B0CAE149B3D6}.Release|Any CPU.ActiveCfg = Release|Any CPU
		{DB0A0A95-BBCE-0E67-08A9-B0CAE149B3D6}.Release|Any CPU.Build.0 = Release|Any CPU
	EndGlobalSection
	GlobalSection(SolutionProperties) = preSolution
		HideSolutionNode = FALSE
	EndGlobalSection
EndGlobal
